
Microsoft Visual Studio Solution File, Format Version 12.00
# Visual Studio 15
VisualStudioVersion = 15.0.28307.779
MinimumVisualStudioVersion = 10.0.40219.1
Project("{9A19103F-16F7-4668-BE54-9A1E7A4F7556}") = "GridServerSideSortingAndFiltering", "GridServerSideSortingAndFiltering\GridServerSideSortingAndFiltering.csproj", "{3A3C1374-3FC0-4EDE-9FD9-647FD6A73829}"
EndProject
Project("{2150E333-8FDC-42A3-9474-1A3956D46DE8}") = "Solution Items", "Solution Items", "{E803138B-E3A7-407C-AB34-18DC833B8D68}"
	ProjectSection(SolutionItems) = preProject
		.gitattributes = .gitattributes
		.gitignore = .gitignore
		readme.md = readme.md
	EndProjectSection
EndProject
Global
	GlobalSection(SolutionConfigurationPlatforms) = preSolution
		Debug|Any CPU = Debug|Any CPU
		Release|Any CPU = Release|Any CPU
	EndGlobalSection
	GlobalSection(ProjectConfigurationPlatforms) = postSolution
		{3A3C1374-3FC0-4EDE-9FD9-647FD6A73829}.Debug|Any CPU.ActiveCfg = Debug|Any CPU
		{3A3C1374-3FC0-4EDE-9FD9-647FD6A73829}.Debug|Any CPU.Build.0 = Debug|Any CPU
		{3A3C1374-3FC0-4EDE-9FD9-647FD6A73829}.Release|Any CPU.ActiveCfg = Release|Any CPU
		{3A3C1374-3FC0-4EDE-9FD9-647FD6A73829}.Release|Any CPU.Build.0 = Release|Any CPU
	EndGlobalSection
	GlobalSection(SolutionProperties) = preSolution
		HideSolutionNode = FALSE
	EndGlobalSection
	GlobalSection(ExtensibilityGlobals) = postSolution
		SolutionGuid = {65B1C7EB-1068-43CD-96E7-337BB2EB348E}
	EndGlobalSection
EndGlobal
